
Microsoft Visual Studio Solution File, Format Version 12.00
# Visual Studio Version 16
VisualStudioVersion = 16.0.31624.102
MinimumVisualStudioVersion = 10.0.40219.1
Project("{FAE04EC0-301F-11D3-BF4B-00C04F79EFBC}") = "Robot", "Robot.csproj", "{DCE72603-295B-4D77-9F23-557F7EC8906B}"
EndProject
Global
	GlobalSection(SolutionConfigurationPlatforms) = preSolution
		Debug|Any CPU = Debug|Any CPU
		Release|Any CPU = Release|Any CPU
	EndGlobalSection
	GlobalSection(ProjectConfigurationPlatforms) = postSolution
		{DCE72603-295B-4D77-9F23-557F7EC8906B}.Debug|Any CPU.ActiveCfg = Debug|Any CPU
		{DCE72603-295B-4D77-9F23-557F7EC8906B}.Debug|Any CPU.Build.0 = Debug|Any CPU
		{DCE72603-295B-4D77-9F23-557F7EC8906B}.Release|Any CPU.ActiveCfg = Release|Any CPU
		{DCE72603-295B-4D77-9F23-557F7EC8906B}.Release|Any CPU.Build.0 = Release|Any CPU
	EndGlobalSection
	GlobalSection(SolutionProperties) = preSolution
		HideSolutionNode = FALSE
	EndGlobalSection
	GlobalSection(ExtensibilityGlobals) = postSolution
		SolutionGuid = {F2556C83-7EB4-4AC8-8753-6713196978F4}
	EndGlobalSection
EndGlobal
